
Microsoft Visual Studio Solution File, Format Version 12.00
# Visual Studio Version 17
VisualStudioVersion = 17.3.32811.315
MinimumVisualStudioVersion = 10.0.40219.1
Project("{9A19103F-16F7-4668-BE54-9A1E7A4F7556}") = "Presences.MinApi", "Services\Presences\Presences.MinApi\Presences.MinApi.csproj", "{624E7692-69CE-4FB7-98C3-587D5E838E5E}"
EndProject
Project("{2150E333-8FDC-42A3-9474-1A3956D46DE8}") = "Apps", "Apps", "{F8B61301-D8C6-4F7F-9159-E633B68C61AE}"
EndProject
Project("{2150E333-8FDC-42A3-9474-1A3956D46DE8}") = "StudentCardApp", "StudentCardApp", "{C05C00A9-9E7D-4256-B535-533B3FFB3E68}"
EndProject
Project("{2150E333-8FDC-42A3-9474-1A3956D46DE8}") = "Services", "Services", "{2481E645-ADA2-4A3E-AEEA-08B13AB35104}"
EndProject
Project("{2150E333-8FDC-42A3-9474-1A3956D46DE8}") = "Presences", "Presences", "{2DC24257-FFD3-4C77-A2DD-F2B0D651E8A8}"
EndProject
Project("{9A19103F-16F7-4668-BE54-9A1E7A4F7556}") = "Presences.Domain", "Services\Presences\Presences.Domain\Presences.Domain.csproj", "{17EA51D0-DEF3-46D9-8010-F2819F85B1C6}"
EndProject
Project("{9A19103F-16F7-4668-BE54-9A1E7A4F7556}") = "Presences.Infrastructure", "Services\Presences\Presences.Infrastructure\Presences.Infrastructure.csproj", "{5C10EB91-CD7F-4E85-A0E3-0289DB52735A}"
EndProject
Project("{9A19103F-16F7-4668-BE54-9A1E7A4F7556}") = "Presences.Logic", "Services\Presences\Presences.Logic\Presences.Logic.csproj", "{452878DE-6EBF-47FB-AA71-BC732B9CABD5}"
EndProject
Project("{9A19103F-16F7-4668-BE54-9A1E7A4F7556}") = "Presences.FullApi", "Services\Presences\Presences.FullApi\Presences.FullApi.csproj", "{1755C5E7-98AB-494B-A01D-60706C2437B7}"
EndProject
Project("{9A19103F-16F7-4668-BE54-9A1E7A4F7556}") = "StudentCardWinUiApp", "Apps\StudentCardApp\StudentCardWinUiApp\StudentCardWinUiApp.csproj", "{3FAF6755-A6DC-4DCF-806B-77DAC1E58E3D}"
EndProject
Project("{2150E333-8FDC-42A3-9474-1A3956D46DE8}") = "Dto", "Dto", "{F4D211C2-79F3-45E8-82E0-A106BF79B108}"
EndProject
Project("{9A19103F-16F7-4668-BE54-9A1E7A4F7556}") = "Presences.Dto", "Dto\Presences.Dto\Presences.Dto.csproj", "{6FB0B433-0585-48B6-91BC-C24255EF9823}"
EndProject
Project("{9A19103F-16F7-4668-BE54-9A1E7A4F7556}") = "StudentCardWpfApp", "Apps\StudentCardApp\StudentCardWpfApp\StudentCardWpfApp.csproj", "{76A9A5E5-B4C5-4C27-9ED3-F5177FBE6F93}"
EndProject
Global
	GlobalSection(SolutionConfigurationPlatforms) = preSolution
		Debug|Any CPU = Debug|Any CPU
		Debug|arm64 = Debug|arm64
		Debug|x64 = Debug|x64
		Debug|x86 = Debug|x86
		Release|Any CPU = Release|Any CPU
		Release|arm64 = Release|arm64
		Release|x64 = Release|x64
		Release|x86 = Release|x86
	EndGlobalSection
	GlobalSection(ProjectConfigurationPlatforms) = postSolution
		{624E7692-69CE-4FB7-98C3-587D5E838E5E}.Debug|Any CPU.ActiveCfg = Debug|Any CPU
		{624E7692-69CE-4FB7-98C3-587D5E838E5E}.Debug|Any CPU.Build.0 = Debug|Any CPU
		{624E7692-69CE-4FB7-98C3-587D5E838E5E}.Debug|arm64.ActiveCfg = Debug|Any CPU
		{624E7692-69CE-4FB7-98C3-587D5E838E5E}.Debug|arm64.Build.0 = Debug|Any CPU
		{624E7692-69CE-4FB7-98C3-587D5E838E5E}.Debug|x64.ActiveCfg = Debug|Any CPU
		{624E7692-69CE-4FB7-98C3-587D5E838E5E}.Debug|x64.Build.0 = Debug|Any CPU
		{624E7692-69CE-4FB7-98C3-587D5E838E5E}.Debug|x86.ActiveCfg = Debug|Any CPU
		{624E7692-69CE-4FB7-98C3-587D5E838E5E}.Debug|x86.Build.0 = Debug|Any CPU
		{624E7692-69CE-4FB7-98C3-587D5E838E5E}.Release|Any CPU.ActiveCfg = Release|Any CPU
		{624E7692-69CE-4FB7-98C3-587D5E838E5E}.Release|Any CPU.Build.0 = Release|Any CPU
		{624E7692-69CE-4FB7-98C3-587D5E838E5E}.Release|arm64.ActiveCfg = Release|Any CPU
		{624E7692-69CE-4FB7-98C3-587D5E838E5E}.Release|arm64.Build.0 = Release|Any CPU
		{624E7692-69CE-4FB7-98C3-587D5E838E5E}.Release|x64.ActiveCfg = Release|Any CPU
		{624E7692-69CE-4FB7-98C3-587D5E838E5E}.Release|x64.Build.0 = Release|Any CPU
		{624E7692-69CE-4FB7-98C3-587D5E838E5E}.Release|x86.ActiveCfg = Release|Any CPU
		{624E7692-69CE-4FB7-98C3-587D5E838E5E}.Release|x86.Build.0 = Release|Any CPU
		{17EA51D0-DEF3-46D9-8010-F2819F85B1C6}.Debug|Any CPU.ActiveCfg = Debug|Any CPU
		{17EA51D0-DEF3-46D9-8010-F2819F85B1C6}.Debug|Any CPU.Build.0 = Debug|Any CPU
		{17EA51D0-DEF3-46D9-8010-F2819F85B1C6}.Debug|arm64.ActiveCfg = Debug|Any CPU
		{17EA51D0-DEF3-46D9-8010-F2819F85B1C6}.Debug|arm64.Build.0 = Debug|Any CPU
		{17EA51D0-DEF3-46D9-8010-F2819F85B1C6}.Debug|x64.ActiveCfg = Debug|Any CPU
		{17EA51D0-DEF3-46D9-8010-F2819F85B1C6}.Debug|x64.Build.0 = Debug|Any CPU
		{17EA51D0-DEF3-46D9-8010-F2819F85B1C6}.Debug|x86.ActiveCfg = Debug|Any CPU
		{17EA51D0-DEF3-46D9-8010-F2819F85B1C6}.Debug|x86.Build.0 = Debug|Any CPU
		{17EA51D0-DEF3-46D9-8010-F2819F85B1C6}.Release|Any CPU.ActiveCfg = Release|Any CPU
		{17EA51D0-DEF3-46D9-8010-F2819F85B1C6}.Release|Any CPU.Build.0 = Release|Any CPU
		{17EA51D0-DEF3-46D9-8010-F2819F85B1C6}.Release|arm64.ActiveCfg = Release|Any CPU
		{17EA51D0-DEF3-46D9-8010-F2819F85B1C6}.Release|arm64.Build.0 = Release|Any CPU
		{17EA51D0-DEF3-46D9-8010-F2819F85B1C6}.Release|x64.ActiveCfg = Release|Any CPU
		{17EA51D0-DEF3-46D9-8010-F2819F85B1C6}.Release|x64.Build.0 = Release|Any CPU
		{17EA51D0-DEF3-46D9-8010-F2819F85B1C6}.Release|x86.ActiveCfg = Release|Any CPU
		{17EA51D0-DEF3-46D9-8010-F2819F85B1C6}.Release|x86.Build.0 = Release|Any CPU
		{5C10EB91-CD7F-4E85-A0E3-0289DB52735A}.Debug|Any CPU.ActiveCfg = Debug|Any CPU
		{5C10EB91-CD7F-4E85-A0E3-0289DB52735A}.Debug|Any CPU.Build.0 = Debug|Any CPU
		{5C10EB91-CD7F-4E85-A0E3-0289DB52735A}.Debug|arm64.ActiveCfg = Debug|Any CPU
		{5C10EB91-CD7F-4E85-A0E3-0289DB52735A}.Debug|arm64.Build.0 = Debug|Any CPU
		{5C10EB91-CD7F-4E85-A0E3-0289DB52735A}.Debug|x64.ActiveCfg = Debug|Any CPU
		{5C10EB91-CD7F-4E85-A0E3-0289DB52735A}.Debug|x64.Build.0 = Debug|Any CPU
		{5C10EB91-CD7F-4E85-A0E3-0289DB52735A}.Debug|x86.ActiveCfg = Debug|Any CPU
		{5C10EB91-CD7F-4E85-A0E3-0289DB52735A}.Debug|x86.Build.0 = Debug|Any CPU
		{5C10EB91-CD7F-4E85-A0E3-0289DB52735A}.Release|Any CPU.ActiveCfg = Release|Any CPU
		{5C10EB91-CD7F-4E85-A0E3-0289DB52735A}.Release|Any CPU.Build.0 = Release|Any CPU
		{5C10EB91-CD7F-4E85-A0E3-0289DB52735A}.Release|arm64.ActiveCfg = Release|Any CPU
		{5C10EB91-CD7F-4E85-A0E3-0289DB52735A}.Release|arm64.Build.0 = Release|Any CPU
		{5C10EB91-CD7F-4E85-A0E3-0289DB52735A}.Release|x64.ActiveCfg = Release|Any CPU
		{5C10EB91-CD7F-4E85-A0E3-0289DB52735A}.Release|x64.Build.0 = Release|Any CPU
		{5C10EB91-CD7F-4E85-A0E3-0289DB52735A}.Release|x86.ActiveCfg = Release|Any CPU
		{5C10EB91-CD7F-4E85-A0E3-0289DB52735A}.Release|x86.Build.0 = Release|Any CPU
		{452878DE-6EBF-47FB-AA71-BC732B9CABD5}.Debug|Any CPU.ActiveCfg = Debug|Any CPU
		{452878DE-6EBF-47FB-AA71-BC732B9CABD5}.Debug|Any CPU.Build.0 = Debug|Any CPU
		{452878DE-6EBF-47FB-AA71-BC732B9CABD5}.Debug|arm64.ActiveCfg = Debug|Any CPU
		{452878DE-6EBF-47FB-AA71-BC732B9CABD5}.Debug|arm64.Build.0 = Debug|Any CPU
		{452878DE-6EBF-47FB-AA71-BC732B9CABD5}.Debug|x64.ActiveCfg = Debug|Any CPU
		{452878DE-6EBF-47FB-AA71-BC732B9CABD5}.Debug|x64.Build.0 = Debug|Any CPU
		{452878DE-6EBF-47FB-AA71-BC732B9CABD5}.Debug|x86.ActiveCfg = Debug|Any CPU
		{452878DE-6EBF-47FB-AA71-BC732B9CABD5}.Debug|x86.Build.0 = Debug|Any CPU
		{452878DE-6EBF-47FB-AA71-BC732B9CABD5}.Release|Any CPU.ActiveCfg = Release|Any CPU
		{452878DE-6EBF-47FB-AA71-BC732B9CABD5}.Release|Any CPU.Build.0 = Release|Any CPU
		{452878DE-6EBF-47FB-AA71-BC732B9CABD5}.Release|arm64.ActiveCfg = Release|Any CPU
		{452878DE-6EBF-47FB-AA71-BC732B9CABD5}.Release|arm64.Build.0 = Release|Any CPU
		{452878DE-6EBF-47FB-AA71-BC732B9CABD5}.Release|x64.ActiveCfg = Release|Any CPU
		{452878DE-6EBF-47FB-AA71-BC732B9CABD5}.Release|x64.Build.0 = Release|Any CPU
		{452878DE-6EBF-47FB-AA71-BC732B9CABD5}.Release|x86.ActiveCfg = Release|Any CPU
		{452878DE-6EBF-47FB-AA71-BC732B9CABD5}.Release|x86.Build.0 = Release|Any CPU
		{1755C5E7-98AB-494B-A01D-60706C2437B7}.Debug|Any CPU.ActiveCfg = Debug|Any CPU
		{1755C5E7-98AB-494B-A01D-60706C2437B7}.Debug|Any CPU.Build.0 = Debug|Any CPU
		{1755C5E7-98AB-494B-A01D-60706C2437B7}.Debug|arm64.ActiveCfg = Debug|Any CPU
		{1755C5E7-98AB-494B-A01D-60706C2437B7}.Debug|arm64.Build.0 = Debug|Any CPU
		{1755C5E7-98AB-494B-A01D-60706C2437B7}.Debug|x64.ActiveCfg = Debug|Any CPU
		{1755C5E7-98AB-494B-A01D-60706C2437B7}.Debug|x64.Build.0 = Debug|Any CPU
		{1755C5E7-98AB-494B-A01D-60706C2437B7}.Debug|x86.ActiveCfg = Debug|Any CPU
		{1755C5E7-98AB-494B-A01D-60706C2437B7}.Debug|x86.Build.0 = Debug|Any CPU
		{1755C5E7-98AB-494B-A01D-60706C2437B7}.Release|Any CPU.ActiveCfg = Release|Any CPU
		{1755C5E7-98AB-494B-A01D-60706C2437B7}.Release|Any CPU.Build.0 = Release|Any CPU
		{1755C5E7-98AB-494B-A01D-60706C2437B7}.Release|arm64.ActiveCfg = Release|Any CPU
		{1755C5E7-98AB-494B-A01D-60706C2437B7}.Release|arm64.Build.0 = Release|Any CPU
		{1755C5E7-98AB-494B-A01D-60706C2437B7}.Release|x64.ActiveCfg = Release|Any CPU
		{1755C5E7-98AB-494B-A01D-60706C2437B7}.Release|x64.Build.0 = Release|Any CPU
		{1755C5E7-98AB-494B-A01D-60706C2437B7}.Release|x86.ActiveCfg = Release|Any CPU
		{1755C5E7-98AB-494B-A01D-60706C2437B7}.Release|x86.Build.0 = Release|Any CPU
		{3FAF6755-A6DC-4DCF-806B-77DAC1E58E3D}.Debug|Any CPU.ActiveCfg = Debug|x86
		{3FAF6755-A6DC-4DCF-806B-77DAC1E58E3D}.Debug|Any CPU.Deploy.0 = Debug|x86
		{3FAF6755-A6DC-4DCF-806B-77DAC1E58E3D}.Debug|arm64.ActiveCfg = Debug|arm64
		{3FAF6755-A6DC-4DCF-806B-77DAC1E58E3D}.Debug|arm64.Build.0 = Debug|arm64
		{3FAF6755-A6DC-4DCF-806B-77DAC1E58E3D}.Debug|arm64.Deploy.0 = Debug|arm64
		{3FAF6755-A6DC-4DCF-806B-77DAC1E58E3D}.Debug|x64.ActiveCfg = Debug|x64
		{3FAF6755-A6DC-4DCF-806B-77DAC1E58E3D}.Debug|x64.Build.0 = Debug|x64
		{3FAF6755-A6DC-4DCF-806B-77DAC1E58E3D}.Debug|x64.Deploy.0 = Debug|x64
		{3FAF6755-A6DC-4DCF-806B-77DAC1E58E3D}.Debug|x86.ActiveCfg = Debug|x86
		{3FAF6755-A6DC-4DCF-806B-77DAC1E58E3D}.Debug|x86.Build.0 = Debug|x86
		{3FAF6755-A6DC-4DCF-806B-77DAC1E58E3D}.Debug|x86.Deploy.0 = Debug|x86
		{3FAF6755-A6DC-4DCF-806B-77DAC1E58E3D}.Release|Any CPU.ActiveCfg = Release|x64
		{3FAF6755-A6DC-4DCF-806B-77DAC1E58E3D}.Release|Any CPU.Build.0 = Release|x64
		{3FAF6755-A6DC-4DCF-806B-77DAC1E58E3D}.Release|Any CPU.Deploy.0 = Release|x64
		{3FAF6755-A6DC-4DCF-806B-77DAC1E58E3D}.Release|arm64.ActiveCfg = Release|arm64
		{3FAF6755-A6DC-4DCF-806B-77DAC1E58E3D}.Release|arm64.Build.0 = Release|arm64
		{3FAF6755-A6DC-4DCF-806B-77DAC1E58E3D}.Release|arm64.Deploy.0 = Release|arm64
		{3FAF6755-A6DC-4DCF-806B-77DAC1E58E3D}.Release|x64.ActiveCfg = Release|x64
		{3FAF6755-A6DC-4DCF-806B-77DAC1E58E3D}.Release|x64.Build.0 = Release|x64
		{3FAF6755-A6DC-4DCF-806B-77DAC1E58E3D}.Release|x64.Deploy.0 = Release|x64
		{3FAF6755-A6DC-4DCF-806B-77DAC1E58E3D}.Release|x86.ActiveCfg = Release|x86
		{3FAF6755-A6DC-4DCF-806B-77DAC1E58E3D}.Release|x86.Build.0 = Release|x86
		{3FAF6755-A6DC-4DCF-806B-77DAC1E58E3D}.Release|x86.Deploy.0 = Release|x86
		{6FB0B433-0585-48B6-91BC-C24255EF9823}.Debug|Any CPU.ActiveCfg = Debug|Any CPU
		{6FB0B433-0585-48B6-91BC-C24255EF9823}.Debug|Any CPU.Build.0 = Debug|Any CPU
		{6FB0B433-0585-48B6-91BC-C24255EF9823}.Debug|arm64.ActiveCfg = Debug|Any CPU
		{6FB0B433-0585-48B6-91BC-C24255EF9823}.Debug|arm64.Build.0 = Debug|Any CPU
		{6FB0B433-0585-48B6-91BC-C24255EF9823}.Debug|x64.ActiveCfg = Debug|Any CPU
		{6FB0B433-0585-48B6-91BC-C24255EF9823}.Debug|x64.Build.0 = Debug|Any CPU
		{6FB0B433-0585-48B6-91BC-C24255EF9823}.Debug|x86.ActiveCfg = Debug|Any CPU
		{6FB0B433-0585-48B6-91BC-C24255EF9823}.Debug|x86.Build.0 = Debug|Any CPU
		{6FB0B433-0585-48B6-91BC-C24255EF9823}.Release|Any CPU.ActiveCfg = Release|Any CPU
		{6FB0B433-0585-48B6-91BC-C24255EF9823}.Release|Any CPU.Build.0 = Release|Any CPU
		{6FB0B433-0585-48B6-91BC-C24255EF9823}.Release|arm64.ActiveCfg = Release|Any CPU
		{6FB0B433-0585-48B6-91BC-C24255EF9823}.Release|arm64.Build.0 = Release|Any CPU
		{6FB0B433-0585-48B6-91BC-C24255EF9823}.Release|x64.ActiveCfg = Release|Any CPU
		{6FB0B433-0585-48B6-91BC-C24255EF9823}.Release|x64.Build.0 = Release|Any CPU
		{6FB0B433-0585-48B6-91BC-C24255EF9823}.Release|x86.ActiveCfg = Release|Any CPU
		{6FB0B433-0585-48B6-91BC-C24255EF9823}.Release|x86.Build.0 = Release|Any CPU
		{76A9A5E5-B4C5-4C27-9ED3-F5177FBE6F93}.Debug|Any CPU.ActiveCfg = Debug|Any CPU
		{76A9A5E5-B4C5-4C27-9ED3-F5177FBE6F93}.Debug|arm64.ActiveCfg = Debug|Any CPU
		{76A9A5E5-B4C5-4C27-9ED3-F5177FBE6F93}.Debug|arm64.Build.0 = Debug|Any CPU
		{76A9A5E5-B4C5-4C27-9ED3-F5177FBE6F93}.Debug|x64.ActiveCfg = Debug|Any CPU
		{76A9A5E5-B4C5-4C27-9ED3-F5177FBE6F93}.Debug|x64.Build.0 = Debug|Any CPU
		{76A9A5E5-B4C5-4C27-9ED3-F5177FBE6F93}.Debug|x86.ActiveCfg = Debug|Any CPU
		{76A9A5E5-B4C5-4C27-9ED3-F5177FBE6F93}.Debug|x86.Build.0 = Debug|Any CPU
		{76A9A5E5-B4C5-4C27-9ED3-F5177FBE6F93}.Release|Any CPU.ActiveCfg = Release|Any CPU
		{76A9A5E5-B4C5-4C27-9ED3-F5177FBE6F93}.Release|Any CPU.Build.0 = Release|Any CPU
		{76A9A5E5-B4C5-4C27-9ED3-F5177FBE6F93}.Release|arm64.ActiveCfg = Release|Any CPU
		{76A9A5E5-B4C5-4C27-9ED3-F5177FBE6F93}.Release|arm64.Build.0 = Release|Any CPU
		{76A9A5E5-B4C5-4C27-9ED3-F5177FBE6F93}.Release|x64.ActiveCfg = Release|Any CPU
		{76A9A5E5-B4C5-4C27-9ED3-F5177FBE6F93}.Release|x64.Build.0 = Release|Any CPU
		{76A9A5E5-B4C5-4C27-9ED3-F5177FBE6F93}.Release|x86.ActiveCfg = Release|Any CPU
		{76A9A5E5-B4C5-4C27-9ED3-F5177FBE6F93}.Release|x86.Build.0 = Release|Any CPU
	EndGlobalSection
	GlobalSection(SolutionProperties) = preSolution
		HideSolutionNode = FALSE
	EndGlobalSection
	GlobalSection(NestedProjects) = preSolution
		{624E7692-69CE-4FB7-98C3-587D5E838E5E} = {2DC24257-FFD3-4C77-A2DD-F2B0D651E8A8}
		{C05C00A9-9E7D-4256-B535-533B3FFB3E68} = {F8B61301-D8C6-4F7F-9159-E633B68C61AE}
		{2DC24257-FFD3-4C77-A2DD-F2B0D651E8A8} = {2481E645-ADA2-4A3E-AEEA-08B13AB35104}
		{17EA51D0-DEF3-46D9-8010-F2819F85B1C6} = {2DC24257-FFD3-4C77-A2DD-F2B0D651E8A8}
		{5C10EB91-CD7F-4E85-A0E3-0289DB52735A} = {2DC24257-FFD3-4C77-A2DD-F2B0D651E8A8}
		{452878DE-6EBF-47FB-AA71-BC732B9CABD5} = {2DC24257-FFD3-4C77-A2DD-F2B0D651E8A8}
		{1755C5E7-98AB-494B-A01D-60706C2437B7} = {2DC24257-FFD3-4C77-A2DD-F2B0D651E8A8}
		{3FAF6755-A6DC-4DCF-806B-77DAC1E58E3D} = {C05C00A9-9E7D-4256-B535-533B3FFB3E68}
		{6FB0B433-0585-48B6-91BC-C24255EF9823} = {F4D211C2-79F3-45E8-82E0-A106BF79B108}
		{76A9A5E5-B4C5-4C27-9ED3-F5177FBE6F93} = {C05C00A9-9E7D-4256-B535-533B3FFB3E68}
	EndGlobalSection
	GlobalSection(ExtensibilityGlobals) = postSolution
		SolutionGuid = {22442AFD-235F-4A52-840E-B24B1F9D8A58}
	EndGlobalSection
EndGlobal
