
Microsoft Visual Studio Solution File, Format Version 12.00
# Visual Studio Version 17
VisualStudioVersion = 17.3.32811.315
MinimumVisualStudioVersion = 10.0.40219.1
Project("{2150E333-8FDC-42A3-9474-1A3956D46DE8}") = "Apps", "Apps", "{F8B61301-D8C6-4F7F-9159-E633B68C61AE}"
EndProject
Project("{2150E333-8FDC-42A3-9474-1A3956D46DE8}") = "Services", "Services", "{2481E645-ADA2-4A3E-AEEA-08B13AB35104}"
EndProject
Project("{2150E333-8FDC-42A3-9474-1A3956D46DE8}") = "Presences", "Presences", "{2DC24257-FFD3-4C77-A2DD-F2B0D651E8A8}"
EndProject
Project("{9A19103F-16F7-4668-BE54-9A1E7A4F7556}") = "Presences.Domain", "Services\Presences\Presences.Domain\Presences.Domain.csproj", "{17EA51D0-DEF3-46D9-8010-F2819F85B1C6}"
EndProject
Project("{9A19103F-16F7-4668-BE54-9A1E7A4F7556}") = "Presences.Infrastructure", "Services\Presences\Presences.Infrastructure\Presences.Infrastructure.csproj", "{5C10EB91-CD7F-4E85-A0E3-0289DB52735A}"
EndProject
Project("{9A19103F-16F7-4668-BE54-9A1E7A4F7556}") = "Presences.Logic", "Services\Presences\Presences.Logic\Presences.Logic.csproj", "{452878DE-6EBF-47FB-AA71-BC732B9CABD5}"
EndProject
Project("{2150E333-8FDC-42A3-9474-1A3956D46DE8}") = "Tests", "Tests", "{F4D211C2-79F3-45E8-82E0-A106BF79B108}"
EndProject
Project("{9A19103F-16F7-4668-BE54-9A1E7A4F7556}") = "Presences.DataTransfer", "Services\Presences\Presences.Dto\Presences.DataTransfer.csproj", "{82FEBDA0-E6E2-4147-8BF9-B0FA8767BCE7}"
EndProject
Project("{9A19103F-16F7-4668-BE54-9A1E7A4F7556}") = "Presences.Api", "Services\Presences\Presences.Api\Presences.Api.csproj", "{CB6B04F6-9723-42E1-A567-6989DB14067F}"
EndProject
Project("{FAE04EC0-301F-11D3-BF4B-00C04F79EFBC}") = "DigitalStudentCard.Android", "Apps\DigitalStudentCard\DigitalStudentCard.Android\DigitalStudentCard.Android.csproj", "{CF8881D9-A174-4E5E-9B85-EE3E4AC51FE3}"
EndProject
Project("{FAE04EC0-301F-11D3-BF4B-00C04F79EFBC}") = "DigitalStudentCard.iOS", "Apps\DigitalStudentCard\DigitalStudentCard.iOS\DigitalStudentCard.iOS.csproj", "{C10450C8-CF9F-4DB1-AEDE-2A2EEB05FBEA}"
EndProject
Project("{9A19103F-16F7-4668-BE54-9A1E7A4F7556}") = "DigitalStudentCard.Core", "Apps\DigitalStudentCard\DigitalStudentCard\DigitalStudentCard.Core.csproj", "{2CD1A7C1-560B-44E6-AD6A-388422AD7EB4}"
EndProject
Project("{2150E333-8FDC-42A3-9474-1A3956D46DE8}") = "DigitalStudentCard.Xamarin", "DigitalStudentCard.Xamarin", "{EA8B0B38-BBA6-4952-A246-5B8B512A60C5}"
EndProject
Project("{2150E333-8FDC-42A3-9474-1A3956D46DE8}") = "DigitalStudentCard", "DigitalStudentCard", "{48E487D0-3831-41C6-B911-E45CE17532A4}"
EndProject
Global
	GlobalSection(SolutionConfigurationPlatforms) = preSolution
		Debug|Any CPU = Debug|Any CPU
		Debug|arm64 = Debug|arm64
		Debug|iPhone = Debug|iPhone
		Debug|iPhoneSimulator = Debug|iPhoneSimulator
		Debug|x64 = Debug|x64
		Debug|x86 = Debug|x86
		Release|Any CPU = Release|Any CPU
		Release|arm64 = Release|arm64
		Release|iPhone = Release|iPhone
		Release|iPhoneSimulator = Release|iPhoneSimulator
		Release|x64 = Release|x64
		Release|x86 = Release|x86
	EndGlobalSection
	GlobalSection(ProjectConfigurationPlatforms) = postSolution
		{17EA51D0-DEF3-46D9-8010-F2819F85B1C6}.Debug|Any CPU.ActiveCfg = Debug|Any CPU
		{17EA51D0-DEF3-46D9-8010-F2819F85B1C6}.Debug|Any CPU.Build.0 = Debug|Any CPU
		{17EA51D0-DEF3-46D9-8010-F2819F85B1C6}.Debug|arm64.ActiveCfg = Debug|Any CPU
		{17EA51D0-DEF3-46D9-8010-F2819F85B1C6}.Debug|arm64.Build.0 = Debug|Any CPU
		{17EA51D0-DEF3-46D9-8010-F2819F85B1C6}.Debug|iPhone.ActiveCfg = Debug|Any CPU
		{17EA51D0-DEF3-46D9-8010-F2819F85B1C6}.Debug|iPhone.Build.0 = Debug|Any CPU
		{17EA51D0-DEF3-46D9-8010-F2819F85B1C6}.Debug|iPhoneSimulator.ActiveCfg = Debug|Any CPU
		{17EA51D0-DEF3-46D9-8010-F2819F85B1C6}.Debug|iPhoneSimulator.Build.0 = Debug|Any CPU
		{17EA51D0-DEF3-46D9-8010-F2819F85B1C6}.Debug|x64.ActiveCfg = Debug|Any CPU
		{17EA51D0-DEF3-46D9-8010-F2819F85B1C6}.Debug|x64.Build.0 = Debug|Any CPU
		{17EA51D0-DEF3-46D9-8010-F2819F85B1C6}.Debug|x86.ActiveCfg = Debug|Any CPU
		{17EA51D0-DEF3-46D9-8010-F2819F85B1C6}.Debug|x86.Build.0 = Debug|Any CPU
		{17EA51D0-DEF3-46D9-8010-F2819F85B1C6}.Release|Any CPU.ActiveCfg = Release|Any CPU
		{17EA51D0-DEF3-46D9-8010-F2819F85B1C6}.Release|Any CPU.Build.0 = Release|Any CPU
		{17EA51D0-DEF3-46D9-8010-F2819F85B1C6}.Release|arm64.ActiveCfg = Release|Any CPU
		{17EA51D0-DEF3-46D9-8010-F2819F85B1C6}.Release|arm64.Build.0 = Release|Any CPU
		{17EA51D0-DEF3-46D9-8010-F2819F85B1C6}.Release|iPhone.ActiveCfg = Release|Any CPU
		{17EA51D0-DEF3-46D9-8010-F2819F85B1C6}.Release|iPhone.Build.0 = Release|Any CPU
		{17EA51D0-DEF3-46D9-8010-F2819F85B1C6}.Release|iPhoneSimulator.ActiveCfg = Release|Any CPU
		{17EA51D0-DEF3-46D9-8010-F2819F85B1C6}.Release|iPhoneSimulator.Build.0 = Release|Any CPU
		{17EA51D0-DEF3-46D9-8010-F2819F85B1C6}.Release|x64.ActiveCfg = Release|Any CPU
		{17EA51D0-DEF3-46D9-8010-F2819F85B1C6}.Release|x64.Build.0 = Release|Any CPU
		{17EA51D0-DEF3-46D9-8010-F2819F85B1C6}.Release|x86.ActiveCfg = Release|Any CPU
		{17EA51D0-DEF3-46D9-8010-F2819F85B1C6}.Release|x86.Build.0 = Release|Any CPU
		{5C10EB91-CD7F-4E85-A0E3-0289DB52735A}.Debug|Any CPU.ActiveCfg = Debug|Any CPU
		{5C10EB91-CD7F-4E85-A0E3-0289DB52735A}.Debug|Any CPU.Build.0 = Debug|Any CPU
		{5C10EB91-CD7F-4E85-A0E3-0289DB52735A}.Debug|arm64.ActiveCfg = Debug|Any CPU
		{5C10EB91-CD7F-4E85-A0E3-0289DB52735A}.Debug|arm64.Build.0 = Debug|Any CPU
		{5C10EB91-CD7F-4E85-A0E3-0289DB52735A}.Debug|iPhone.ActiveCfg = Debug|Any CPU
		{5C10EB91-CD7F-4E85-A0E3-0289DB52735A}.Debug|iPhone.Build.0 = Debug|Any CPU
		{5C10EB91-CD7F-4E85-A0E3-0289DB52735A}.Debug|iPhoneSimulator.ActiveCfg = Debug|Any CPU
		{5C10EB91-CD7F-4E85-A0E3-0289DB52735A}.Debug|iPhoneSimulator.Build.0 = Debug|Any CPU
		{5C10EB91-CD7F-4E85-A0E3-0289DB52735A}.Debug|x64.ActiveCfg = Debug|Any CPU
		{5C10EB91-CD7F-4E85-A0E3-0289DB52735A}.Debug|x64.Build.0 = Debug|Any CPU
		{5C10EB91-CD7F-4E85-A0E3-0289DB52735A}.Debug|x86.ActiveCfg = Debug|Any CPU
		{5C10EB91-CD7F-4E85-A0E3-0289DB52735A}.Debug|x86.Build.0 = Debug|Any CPU
		{5C10EB91-CD7F-4E85-A0E3-0289DB52735A}.Release|Any CPU.ActiveCfg = Release|Any CPU
		{5C10EB91-CD7F-4E85-A0E3-0289DB52735A}.Release|Any CPU.Build.0 = Release|Any CPU
		{5C10EB91-CD7F-4E85-A0E3-0289DB52735A}.Release|arm64.ActiveCfg = Release|Any CPU
		{5C10EB91-CD7F-4E85-A0E3-0289DB52735A}.Release|arm64.Build.0 = Release|Any CPU
		{5C10EB91-CD7F-4E85-A0E3-0289DB52735A}.Release|iPhone.ActiveCfg = Release|Any CPU
		{5C10EB91-CD7F-4E85-A0E3-0289DB52735A}.Release|iPhone.Build.0 = Release|Any CPU
		{5C10EB91-CD7F-4E85-A0E3-0289DB52735A}.Release|iPhoneSimulator.ActiveCfg = Release|Any CPU
		{5C10EB91-CD7F-4E85-A0E3-0289DB52735A}.Release|iPhoneSimulator.Build.0 = Release|Any CPU
		{5C10EB91-CD7F-4E85-A0E3-0289DB52735A}.Release|x64.ActiveCfg = Release|Any CPU
		{5C10EB91-CD7F-4E85-A0E3-0289DB52735A}.Release|x64.Build.0 = Release|Any CPU
		{5C10EB91-CD7F-4E85-A0E3-0289DB52735A}.Release|x86.ActiveCfg = Release|Any CPU
		{5C10EB91-CD7F-4E85-A0E3-0289DB52735A}.Release|x86.Build.0 = Release|Any CPU
		{452878DE-6EBF-47FB-AA71-BC732B9CABD5}.Debug|Any CPU.ActiveCfg = Debug|Any CPU
		{452878DE-6EBF-47FB-AA71-BC732B9CABD5}.Debug|Any CPU.Build.0 = Debug|Any CPU
		{452878DE-6EBF-47FB-AA71-BC732B9CABD5}.Debug|arm64.ActiveCfg = Debug|Any CPU
		{452878DE-6EBF-47FB-AA71-BC732B9CABD5}.Debug|arm64.Build.0 = Debug|Any CPU
		{452878DE-6EBF-47FB-AA71-BC732B9CABD5}.Debug|iPhone.ActiveCfg = Debug|Any CPU
		{452878DE-6EBF-47FB-AA71-BC732B9CABD5}.Debug|iPhone.Build.0 = Debug|Any CPU
		{452878DE-6EBF-47FB-AA71-BC732B9CABD5}.Debug|iPhoneSimulator.ActiveCfg = Debug|Any CPU
		{452878DE-6EBF-47FB-AA71-BC732B9CABD5}.Debug|iPhoneSimulator.Build.0 = Debug|Any CPU
		{452878DE-6EBF-47FB-AA71-BC732B9CABD5}.Debug|x64.ActiveCfg = Debug|Any CPU
		{452878DE-6EBF-47FB-AA71-BC732B9CABD5}.Debug|x64.Build.0 = Debug|Any CPU
		{452878DE-6EBF-47FB-AA71-BC732B9CABD5}.Debug|x86.ActiveCfg = Debug|Any CPU
		{452878DE-6EBF-47FB-AA71-BC732B9CABD5}.Debug|x86.Build.0 = Debug|Any CPU
		{452878DE-6EBF-47FB-AA71-BC732B9CABD5}.Release|Any CPU.ActiveCfg = Release|Any CPU
		{452878DE-6EBF-47FB-AA71-BC732B9CABD5}.Release|Any CPU.Build.0 = Release|Any CPU
		{452878DE-6EBF-47FB-AA71-BC732B9CABD5}.Release|arm64.ActiveCfg = Release|Any CPU
		{452878DE-6EBF-47FB-AA71-BC732B9CABD5}.Release|arm64.Build.0 = Release|Any CPU
		{452878DE-6EBF-47FB-AA71-BC732B9CABD5}.Release|iPhone.ActiveCfg = Release|Any CPU
		{452878DE-6EBF-47FB-AA71-BC732B9CABD5}.Release|iPhone.Build.0 = Release|Any CPU
		{452878DE-6EBF-47FB-AA71-BC732B9CABD5}.Release|iPhoneSimulator.ActiveCfg = Release|Any CPU
		{452878DE-6EBF-47FB-AA71-BC732B9CABD5}.Release|iPhoneSimulator.Build.0 = Release|Any CPU
		{452878DE-6EBF-47FB-AA71-BC732B9CABD5}.Release|x64.ActiveCfg = Release|Any CPU
		{452878DE-6EBF-47FB-AA71-BC732B9CABD5}.Release|x64.Build.0 = Release|Any CPU
		{452878DE-6EBF-47FB-AA71-BC732B9CABD5}.Release|x86.ActiveCfg = Release|Any CPU
		{452878DE-6EBF-47FB-AA71-BC732B9CABD5}.Release|x86.Build.0 = Release|Any CPU
		{82FEBDA0-E6E2-4147-8BF9-B0FA8767BCE7}.Debug|Any CPU.ActiveCfg = Debug|Any CPU
		{82FEBDA0-E6E2-4147-8BF9-B0FA8767BCE7}.Debug|Any CPU.Build.0 = Debug|Any CPU
		{82FEBDA0-E6E2-4147-8BF9-B0FA8767BCE7}.Debug|arm64.ActiveCfg = Debug|Any CPU
		{82FEBDA0-E6E2-4147-8BF9-B0FA8767BCE7}.Debug|arm64.Build.0 = Debug|Any CPU
		{82FEBDA0-E6E2-4147-8BF9-B0FA8767BCE7}.Debug|iPhone.ActiveCfg = Debug|Any CPU
		{82FEBDA0-E6E2-4147-8BF9-B0FA8767BCE7}.Debug|iPhone.Build.0 = Debug|Any CPU
		{82FEBDA0-E6E2-4147-8BF9-B0FA8767BCE7}.Debug|iPhoneSimulator.ActiveCfg = Debug|Any CPU
		{82FEBDA0-E6E2-4147-8BF9-B0FA8767BCE7}.Debug|iPhoneSimulator.Build.0 = Debug|Any CPU
		{82FEBDA0-E6E2-4147-8BF9-B0FA8767BCE7}.Debug|x64.ActiveCfg = Debug|Any CPU
		{82FEBDA0-E6E2-4147-8BF9-B0FA8767BCE7}.Debug|x64.Build.0 = Debug|Any CPU
		{82FEBDA0-E6E2-4147-8BF9-B0FA8767BCE7}.Debug|x86.ActiveCfg = Debug|Any CPU
		{82FEBDA0-E6E2-4147-8BF9-B0FA8767BCE7}.Debug|x86.Build.0 = Debug|Any CPU
		{82FEBDA0-E6E2-4147-8BF9-B0FA8767BCE7}.Release|Any CPU.ActiveCfg = Release|Any CPU
		{82FEBDA0-E6E2-4147-8BF9-B0FA8767BCE7}.Release|Any CPU.Build.0 = Release|Any CPU
		{82FEBDA0-E6E2-4147-8BF9-B0FA8767BCE7}.Release|arm64.ActiveCfg = Release|Any CPU
		{82FEBDA0-E6E2-4147-8BF9-B0FA8767BCE7}.Release|arm64.Build.0 = Release|Any CPU
		{82FEBDA0-E6E2-4147-8BF9-B0FA8767BCE7}.Release|iPhone.ActiveCfg = Release|Any CPU
		{82FEBDA0-E6E2-4147-8BF9-B0FA8767BCE7}.Release|iPhone.Build.0 = Release|Any CPU
		{82FEBDA0-E6E2-4147-8BF9-B0FA8767BCE7}.Release|iPhoneSimulator.ActiveCfg = Release|Any CPU
		{82FEBDA0-E6E2-4147-8BF9-B0FA8767BCE7}.Release|iPhoneSimulator.Build.0 = Release|Any CPU
		{82FEBDA0-E6E2-4147-8BF9-B0FA8767BCE7}.Release|x64.ActiveCfg = Release|Any CPU
		{82FEBDA0-E6E2-4147-8BF9-B0FA8767BCE7}.Release|x64.Build.0 = Release|Any CPU
		{82FEBDA0-E6E2-4147-8BF9-B0FA8767BCE7}.Release|x86.ActiveCfg = Release|Any CPU
		{82FEBDA0-E6E2-4147-8BF9-B0FA8767BCE7}.Release|x86.Build.0 = Release|Any CPU
		{CB6B04F6-9723-42E1-A567-6989DB14067F}.Debug|Any CPU.ActiveCfg = Debug|Any CPU
		{CB6B04F6-9723-42E1-A567-6989DB14067F}.Debug|Any CPU.Build.0 = Debug|Any CPU
		{CB6B04F6-9723-42E1-A567-6989DB14067F}.Debug|arm64.ActiveCfg = Debug|Any CPU
		{CB6B04F6-9723-42E1-A567-6989DB14067F}.Debug|arm64.Build.0 = Debug|Any CPU
		{CB6B04F6-9723-42E1-A567-6989DB14067F}.Debug|iPhone.ActiveCfg = Debug|Any CPU
		{CB6B04F6-9723-42E1-A567-6989DB14067F}.Debug|iPhone.Build.0 = Debug|Any CPU
		{CB6B04F6-9723-42E1-A567-6989DB14067F}.Debug|iPhoneSimulator.ActiveCfg = Debug|Any CPU
		{CB6B04F6-9723-42E1-A567-6989DB14067F}.Debug|iPhoneSimulator.Build.0 = Debug|Any CPU
		{CB6B04F6-9723-42E1-A567-6989DB14067F}.Debug|x64.ActiveCfg = Debug|Any CPU
		{CB6B04F6-9723-42E1-A567-6989DB14067F}.Debug|x64.Build.0 = Debug|Any CPU
		{CB6B04F6-9723-42E1-A567-6989DB14067F}.Debug|x86.ActiveCfg = Debug|Any CPU
		{CB6B04F6-9723-42E1-A567-6989DB14067F}.Debug|x86.Build.0 = Debug|Any CPU
		{CB6B04F6-9723-42E1-A567-6989DB14067F}.Release|Any CPU.ActiveCfg = Release|Any CPU
		{CB6B04F6-9723-42E1-A567-6989DB14067F}.Release|Any CPU.Build.0 = Release|Any CPU
		{CB6B04F6-9723-42E1-A567-6989DB14067F}.Release|arm64.ActiveCfg = Release|Any CPU
		{CB6B04F6-9723-42E1-A567-6989DB14067F}.Release|arm64.Build.0 = Release|Any CPU
		{CB6B04F6-9723-42E1-A567-6989DB14067F}.Release|iPhone.ActiveCfg = Release|Any CPU
		{CB6B04F6-9723-42E1-A567-6989DB14067F}.Release|iPhone.Build.0 = Release|Any CPU
		{CB6B04F6-9723-42E1-A567-6989DB14067F}.Release|iPhoneSimulator.ActiveCfg = Release|Any CPU
		{CB6B04F6-9723-42E1-A567-6989DB14067F}.Release|iPhoneSimulator.Build.0 = Release|Any CPU
		{CB6B04F6-9723-42E1-A567-6989DB14067F}.Release|x64.ActiveCfg = Release|Any CPU
		{CB6B04F6-9723-42E1-A567-6989DB14067F}.Release|x64.Build.0 = Release|Any CPU
		{CB6B04F6-9723-42E1-A567-6989DB14067F}.Release|x86.ActiveCfg = Release|Any CPU
		{CB6B04F6-9723-42E1-A567-6989DB14067F}.Release|x86.Build.0 = Release|Any CPU
		{CF8881D9-A174-4E5E-9B85-EE3E4AC51FE3}.Debug|Any CPU.ActiveCfg = Debug|Any CPU
		{CF8881D9-A174-4E5E-9B85-EE3E4AC51FE3}.Debug|Any CPU.Build.0 = Debug|Any CPU
		{CF8881D9-A174-4E5E-9B85-EE3E4AC51FE3}.Debug|Any CPU.Deploy.0 = Debug|Any CPU
		{CF8881D9-A174-4E5E-9B85-EE3E4AC51FE3}.Debug|arm64.ActiveCfg = Debug|Any CPU
		{CF8881D9-A174-4E5E-9B85-EE3E4AC51FE3}.Debug|arm64.Build.0 = Debug|Any CPU
		{CF8881D9-A174-4E5E-9B85-EE3E4AC51FE3}.Debug|arm64.Deploy.0 = Debug|Any CPU
		{CF8881D9-A174-4E5E-9B85-EE3E4AC51FE3}.Debug|iPhone.ActiveCfg = Debug|Any CPU
		{CF8881D9-A174-4E5E-9B85-EE3E4AC51FE3}.Debug|iPhone.Build.0 = Debug|Any CPU
		{CF8881D9-A174-4E5E-9B85-EE3E4AC51FE3}.Debug|iPhone.Deploy.0 = Debug|Any CPU
		{CF8881D9-A174-4E5E-9B85-EE3E4AC51FE3}.Debug|iPhoneSimulator.ActiveCfg = Debug|Any CPU
		{CF8881D9-A174-4E5E-9B85-EE3E4AC51FE3}.Debug|iPhoneSimulator.Build.0 = Debug|Any CPU
		{CF8881D9-A174-4E5E-9B85-EE3E4AC51FE3}.Debug|iPhoneSimulator.Deploy.0 = Debug|Any CPU
		{CF8881D9-A174-4E5E-9B85-EE3E4AC51FE3}.Debug|x64.ActiveCfg = Debug|Any CPU
		{CF8881D9-A174-4E5E-9B85-EE3E4AC51FE3}.Debug|x64.Build.0 = Debug|Any CPU
		{CF8881D9-A174-4E5E-9B85-EE3E4AC51FE3}.Debug|x64.Deploy.0 = Debug|Any CPU
		{CF8881D9-A174-4E5E-9B85-EE3E4AC51FE3}.Debug|x86.ActiveCfg = Debug|Any CPU
		{CF8881D9-A174-4E5E-9B85-EE3E4AC51FE3}.Debug|x86.Build.0 = Debug|Any CPU
		{CF8881D9-A174-4E5E-9B85-EE3E4AC51FE3}.Debug|x86.Deploy.0 = Debug|Any CPU
		{CF8881D9-A174-4E5E-9B85-EE3E4AC51FE3}.Release|Any CPU.ActiveCfg = Release|Any CPU
		{CF8881D9-A174-4E5E-9B85-EE3E4AC51FE3}.Release|Any CPU.Build.0 = Release|Any CPU
		{CF8881D9-A174-4E5E-9B85-EE3E4AC51FE3}.Release|Any CPU.Deploy.0 = Release|Any CPU
		{CF8881D9-A174-4E5E-9B85-EE3E4AC51FE3}.Release|arm64.ActiveCfg = Release|Any CPU
		{CF8881D9-A174-4E5E-9B85-EE3E4AC51FE3}.Release|arm64.Build.0 = Release|Any CPU
		{CF8881D9-A174-4E5E-9B85-EE3E4AC51FE3}.Release|arm64.Deploy.0 = Release|Any CPU
		{CF8881D9-A174-4E5E-9B85-EE3E4AC51FE3}.Release|iPhone.ActiveCfg = Release|Any CPU
		{CF8881D9-A174-4E5E-9B85-EE3E4AC51FE3}.Release|iPhone.Build.0 = Release|Any CPU
		{CF8881D9-A174-4E5E-9B85-EE3E4AC51FE3}.Release|iPhone.Deploy.0 = Release|Any CPU
		{CF8881D9-A174-4E5E-9B85-EE3E4AC51FE3}.Release|iPhoneSimulator.ActiveCfg = Release|Any CPU
		{CF8881D9-A174-4E5E-9B85-EE3E4AC51FE3}.Release|iPhoneSimulator.Build.0 = Release|Any CPU
		{CF8881D9-A174-4E5E-9B85-EE3E4AC51FE3}.Release|iPhoneSimulator.Deploy.0 = Release|Any CPU
		{CF8881D9-A174-4E5E-9B85-EE3E4AC51FE3}.Release|x64.ActiveCfg = Release|Any CPU
		{CF8881D9-A174-4E5E-9B85-EE3E4AC51FE3}.Release|x64.Build.0 = Release|Any CPU
		{CF8881D9-A174-4E5E-9B85-EE3E4AC51FE3}.Release|x64.Deploy.0 = Release|Any CPU
		{CF8881D9-A174-4E5E-9B85-EE3E4AC51FE3}.Release|x86.ActiveCfg = Release|Any CPU
		{CF8881D9-A174-4E5E-9B85-EE3E4AC51FE3}.Release|x86.Build.0 = Release|Any CPU
		{CF8881D9-A174-4E5E-9B85-EE3E4AC51FE3}.Release|x86.Deploy.0 = Release|Any CPU
		{C10450C8-CF9F-4DB1-AEDE-2A2EEB05FBEA}.Debug|Any CPU.ActiveCfg = Debug|iPhoneSimulator
		{C10450C8-CF9F-4DB1-AEDE-2A2EEB05FBEA}.Debug|Any CPU.Build.0 = Debug|iPhoneSimulator
		{C10450C8-CF9F-4DB1-AEDE-2A2EEB05FBEA}.Debug|arm64.ActiveCfg = Debug|iPhoneSimulator
		{C10450C8-CF9F-4DB1-AEDE-2A2EEB05FBEA}.Debug|arm64.Build.0 = Debug|iPhoneSimulator
		{C10450C8-CF9F-4DB1-AEDE-2A2EEB05FBEA}.Debug|iPhone.ActiveCfg = Debug|iPhone
		{C10450C8-CF9F-4DB1-AEDE-2A2EEB05FBEA}.Debug|iPhone.Build.0 = Debug|iPhone
		{C10450C8-CF9F-4DB1-AEDE-2A2EEB05FBEA}.Debug|iPhoneSimulator.ActiveCfg = Debug|iPhoneSimulator
		{C10450C8-CF9F-4DB1-AEDE-2A2EEB05FBEA}.Debug|iPhoneSimulator.Build.0 = Debug|iPhoneSimulator
		{C10450C8-CF9F-4DB1-AEDE-2A2EEB05FBEA}.Debug|x64.ActiveCfg = Debug|iPhoneSimulator
		{C10450C8-CF9F-4DB1-AEDE-2A2EEB05FBEA}.Debug|x64.Build.0 = Debug|iPhoneSimulator
		{C10450C8-CF9F-4DB1-AEDE-2A2EEB05FBEA}.Debug|x86.ActiveCfg = Debug|iPhoneSimulator
		{C10450C8-CF9F-4DB1-AEDE-2A2EEB05FBEA}.Debug|x86.Build.0 = Debug|iPhoneSimulator
		{C10450C8-CF9F-4DB1-AEDE-2A2EEB05FBEA}.Release|Any CPU.ActiveCfg = Release|iPhoneSimulator
		{C10450C8-CF9F-4DB1-AEDE-2A2EEB05FBEA}.Release|Any CPU.Build.0 = Release|iPhoneSimulator
		{C10450C8-CF9F-4DB1-AEDE-2A2EEB05FBEA}.Release|arm64.ActiveCfg = Release|iPhoneSimulator
		{C10450C8-CF9F-4DB1-AEDE-2A2EEB05FBEA}.Release|arm64.Build.0 = Release|iPhoneSimulator
		{C10450C8-CF9F-4DB1-AEDE-2A2EEB05FBEA}.Release|iPhone.ActiveCfg = Release|iPhone
		{C10450C8-CF9F-4DB1-AEDE-2A2EEB05FBEA}.Release|iPhone.Build.0 = Release|iPhone
		{C10450C8-CF9F-4DB1-AEDE-2A2EEB05FBEA}.Release|iPhoneSimulator.ActiveCfg = Release|iPhoneSimulator
		{C10450C8-CF9F-4DB1-AEDE-2A2EEB05FBEA}.Release|iPhoneSimulator.Build.0 = Release|iPhoneSimulator
		{C10450C8-CF9F-4DB1-AEDE-2A2EEB05FBEA}.Release|x64.ActiveCfg = Release|iPhoneSimulator
		{C10450C8-CF9F-4DB1-AEDE-2A2EEB05FBEA}.Release|x64.Build.0 = Release|iPhoneSimulator
		{C10450C8-CF9F-4DB1-AEDE-2A2EEB05FBEA}.Release|x86.ActiveCfg = Release|iPhoneSimulator
		{C10450C8-CF9F-4DB1-AEDE-2A2EEB05FBEA}.Release|x86.Build.0 = Release|iPhoneSimulator
		{2CD1A7C1-560B-44E6-AD6A-388422AD7EB4}.Debug|Any CPU.ActiveCfg = Debug|Any CPU
		{2CD1A7C1-560B-44E6-AD6A-388422AD7EB4}.Debug|Any CPU.Build.0 = Debug|Any CPU
		{2CD1A7C1-560B-44E6-AD6A-388422AD7EB4}.Debug|arm64.ActiveCfg = Debug|Any CPU
		{2CD1A7C1-560B-44E6-AD6A-388422AD7EB4}.Debug|arm64.Build.0 = Debug|Any CPU
		{2CD1A7C1-560B-44E6-AD6A-388422AD7EB4}.Debug|iPhone.ActiveCfg = Debug|Any CPU
		{2CD1A7C1-560B-44E6-AD6A-388422AD7EB4}.Debug|iPhone.Build.0 = Debug|Any CPU
		{2CD1A7C1-560B-44E6-AD6A-388422AD7EB4}.Debug|iPhoneSimulator.ActiveCfg = Debug|Any CPU
		{2CD1A7C1-560B-44E6-AD6A-388422AD7EB4}.Debug|iPhoneSimulator.Build.0 = Debug|Any CPU
		{2CD1A7C1-560B-44E6-AD6A-388422AD7EB4}.Debug|x64.ActiveCfg = Debug|Any CPU
		{2CD1A7C1-560B-44E6-AD6A-388422AD7EB4}.Debug|x64.Build.0 = Debug|Any CPU
		{2CD1A7C1-560B-44E6-AD6A-388422AD7EB4}.Debug|x86.ActiveCfg = Debug|Any CPU
		{2CD1A7C1-560B-44E6-AD6A-388422AD7EB4}.Debug|x86.Build.0 = Debug|Any CPU
		{2CD1A7C1-560B-44E6-AD6A-388422AD7EB4}.Release|Any CPU.ActiveCfg = Release|Any CPU
		{2CD1A7C1-560B-44E6-AD6A-388422AD7EB4}.Release|Any CPU.Build.0 = Release|Any CPU
		{2CD1A7C1-560B-44E6-AD6A-388422AD7EB4}.Release|arm64.ActiveCfg = Release|Any CPU
		{2CD1A7C1-560B-44E6-AD6A-388422AD7EB4}.Release|arm64.Build.0 = Release|Any CPU
		{2CD1A7C1-560B-44E6-AD6A-388422AD7EB4}.Release|iPhone.ActiveCfg = Release|Any CPU
		{2CD1A7C1-560B-44E6-AD6A-388422AD7EB4}.Release|iPhone.Build.0 = Release|Any CPU
		{2CD1A7C1-560B-44E6-AD6A-388422AD7EB4}.Release|iPhoneSimulator.ActiveCfg = Release|Any CPU
		{2CD1A7C1-560B-44E6-AD6A-388422AD7EB4}.Release|iPhoneSimulator.Build.0 = Release|Any CPU
		{2CD1A7C1-560B-44E6-AD6A-388422AD7EB4}.Release|x64.ActiveCfg = Release|Any CPU
		{2CD1A7C1-560B-44E6-AD6A-388422AD7EB4}.Release|x64.Build.0 = Release|Any CPU
		{2CD1A7C1-560B-44E6-AD6A-388422AD7EB4}.Release|x86.ActiveCfg = Release|Any CPU
		{2CD1A7C1-560B-44E6-AD6A-388422AD7EB4}.Release|x86.Build.0 = Release|Any CPU
	EndGlobalSection
	GlobalSection(SolutionProperties) = preSolution
		HideSolutionNode = FALSE
	EndGlobalSection
	GlobalSection(NestedProjects) = preSolution
		{2DC24257-FFD3-4C77-A2DD-F2B0D651E8A8} = {2481E645-ADA2-4A3E-AEEA-08B13AB35104}
		{17EA51D0-DEF3-46D9-8010-F2819F85B1C6} = {2DC24257-FFD3-4C77-A2DD-F2B0D651E8A8}
		{5C10EB91-CD7F-4E85-A0E3-0289DB52735A} = {2DC24257-FFD3-4C77-A2DD-F2B0D651E8A8}
		{452878DE-6EBF-47FB-AA71-BC732B9CABD5} = {2DC24257-FFD3-4C77-A2DD-F2B0D651E8A8}
		{82FEBDA0-E6E2-4147-8BF9-B0FA8767BCE7} = {2DC24257-FFD3-4C77-A2DD-F2B0D651E8A8}
		{CB6B04F6-9723-42E1-A567-6989DB14067F} = {2DC24257-FFD3-4C77-A2DD-F2B0D651E8A8}
		{CF8881D9-A174-4E5E-9B85-EE3E4AC51FE3} = {EA8B0B38-BBA6-4952-A246-5B8B512A60C5}
		{C10450C8-CF9F-4DB1-AEDE-2A2EEB05FBEA} = {EA8B0B38-BBA6-4952-A246-5B8B512A60C5}
		{2CD1A7C1-560B-44E6-AD6A-388422AD7EB4} = {EA8B0B38-BBA6-4952-A246-5B8B512A60C5}
		{EA8B0B38-BBA6-4952-A246-5B8B512A60C5} = {48E487D0-3831-41C6-B911-E45CE17532A4}
		{48E487D0-3831-41C6-B911-E45CE17532A4} = {F8B61301-D8C6-4F7F-9159-E633B68C61AE}
	EndGlobalSection
	GlobalSection(ExtensibilityGlobals) = postSolution
		SolutionGuid = {22442AFD-235F-4A52-840E-B24B1F9D8A58}
	EndGlobalSection
EndGlobal
